
Microsoft Visual Studio Solution File, Format Version 12.00
# Visual Studio Version 16
VisualStudioVersion = 16.0.31911.196
MinimumVisualStudioVersion = 10.0.40219.1
Project("{FAE04EC0-301F-11D3-BF4B-00C04F79EFBC}") = "CS_Homework_08_CardGame", "CS_Homework_08_CardGame.csproj", "{9B279DB0-A766-4097-9C97-8475DD79B04C}"
EndProject
Global
	GlobalSection(SolutionConfigurationPlatforms) = preSolution
		Debug|Any CPU = Debug|Any CPU
		Release|Any CPU = Release|Any CPU
	EndGlobalSection
	GlobalSection(ProjectConfigurationPlatforms) = postSolution
		{9B279DB0-A766-4097-9C97-8475DD79B04C}.Debug|Any CPU.ActiveCfg = Debug|Any CPU
		{9B279DB0-A766-4097-9C97-8475DD79B04C}.Debug|Any CPU.Build.0 = Debug|Any CPU
		{9B279DB0-A766-4097-9C97-8475DD79B04C}.Release|Any CPU.ActiveCfg = Release|Any CPU
		{9B279DB0-A766-4097-9C97-8475DD79B04C}.Release|Any CPU.Build.0 = Release|Any CPU
	EndGlobalSection
	GlobalSection(SolutionProperties) = preSolution
		HideSolutionNode = FALSE
	EndGlobalSection
	GlobalSection(ExtensibilityGlobals) = postSolution
		SolutionGuid = {263F3D38-D5F6-404E-9EF2-C16F9BA54C9F}
	EndGlobalSection
EndGlobal
